
Microsoft Visual Studio Solution File, Format Version 12.00
# Visual Studio Version 17
VisualStudioVersion = 17.8.34330.188
MinimumVisualStudioVersion = 10.0.40219.1
Project("{FAE04EC0-301F-11D3-BF4B-00C04F79EFBC}") = "cmpGeneral", "cmpGeneral\cmpGeneral.csproj", "{5704BB14-7DB4-49E7-BE9B-0F24D9B5E753}"
EndProject
Project("{FAE04EC0-301F-11D3-BF4B-00C04F79EFBC}") = "cmpComercio", "cmpComercio\cmpComercio.csproj", "{680303EA-902B-4C3E-96C8-C7CC94D75825}"
EndProject
Project("{FAE04EC0-301F-11D3-BF4B-00C04F79EFBC}") = "ZonaPagoApp", "ZonaPagoApp\ZonaPagoApp.csproj", "{F0E10C7A-7F42-439A-8BED-6FB5D219BE9F}"
EndProject
Global
	GlobalSection(SolutionConfigurationPlatforms) = preSolution
		Debug|Any CPU = Debug|Any CPU
		Release|Any CPU = Release|Any CPU
	EndGlobalSection
	GlobalSection(ProjectConfigurationPlatforms) = postSolution
		{5704BB14-7DB4-49E7-BE9B-0F24D9B5E753}.Debug|Any CPU.ActiveCfg = Debug|Any CPU
		{5704BB14-7DB4-49E7-BE9B-0F24D9B5E753}.Debug|Any CPU.Build.0 = Debug|Any CPU
		{5704BB14-7DB4-49E7-BE9B-0F24D9B5E753}.Release|Any CPU.ActiveCfg = Release|Any CPU
		{5704BB14-7DB4-49E7-BE9B-0F24D9B5E753}.Release|Any CPU.Build.0 = Release|Any CPU
		{680303EA-902B-4C3E-96C8-C7CC94D75825}.Debug|Any CPU.ActiveCfg = Debug|Any CPU
		{680303EA-902B-4C3E-96C8-C7CC94D75825}.Debug|Any CPU.Build.0 = Debug|Any CPU
		{680303EA-902B-4C3E-96C8-C7CC94D75825}.Release|Any CPU.ActiveCfg = Release|Any CPU
		{680303EA-902B-4C3E-96C8-C7CC94D75825}.Release|Any CPU.Build.0 = Release|Any CPU
		{F0E10C7A-7F42-439A-8BED-6FB5D219BE9F}.Debug|Any CPU.ActiveCfg = Debug|Any CPU
		{F0E10C7A-7F42-439A-8BED-6FB5D219BE9F}.Debug|Any CPU.Build.0 = Debug|Any CPU
		{F0E10C7A-7F42-439A-8BED-6FB5D219BE9F}.Release|Any CPU.ActiveCfg = Release|Any CPU
		{F0E10C7A-7F42-439A-8BED-6FB5D219BE9F}.Release|Any CPU.Build.0 = Release|Any CPU
	EndGlobalSection
	GlobalSection(SolutionProperties) = preSolution
		HideSolutionNode = FALSE
	EndGlobalSection
	GlobalSection(ExtensibilityGlobals) = postSolution
		SolutionGuid = {3AA475CA-55F9-4FDF-9897-12B7C7670C41}
	EndGlobalSection
EndGlobal
